PODS:
  - Flutter (1.0.0)
  - Protobuf (3.21.5)
  - reactive_ble_mobile (0.0.1):
    - Flutter
    - Protobuf (~> 3.5)
    - SwiftProtobuf (~> 1.0)
  - SwiftProtobuf (1.19.1)

DEPENDENCIES:
  - Flutter (from `Flutter`)
  - reactive_ble_mobile (from `.symlinks/plugins/reactive_ble_mobile/ios`)

SPEC REPOS:
  trunk:
    - Protobuf
    - SwiftProtobuf

EXTERNAL SOURCES:
  Flutter:
    :path: Flutter
  reactive_ble_mobile:
    :path: ".symlinks/plugins/reactive_ble_mobile/ios"

SPEC CHECKSUMS:
  Flutter: 50d75fe2f02b26cc09d224853bb45737f8b3214a
  Protobuf: 7504b04fffcf6662ad629694db8231f5e744327f
  reactive_ble_mobile: 9ce6723d37ccf701dbffd202d487f23f5de03b4c
  SwiftProtobuf: 59d9ea2eb5f84b509f32d170a65f3348ae758f1e

PODFILE CHECKSUM: cc1f88378b4bfcf93a6ce00d2c587857c6008d3b

COCOAPODS: 1.11.3
